PODS:
  - Flutter (1.0.0)
  - fusion_auth (1.0.1):
    - Flutter
    - MBProgressHUD
    - MJExtension
  - integration_test (0.0.1):
    - Flutter
  - MBProgressHUD (1.2.0)
  - MJExtension (3.4.1)

DEPENDENCIES:
  - Flutter (from `Flutter`)
  - fusion_auth (from `.symlinks/plugins/fusion_auth/ios`)
  - integration_test (from `.symlinks/plugins/integration_test/ios`)

SPEC REPOS:
  trunk:
    - MBProgressHUD
    - MJExtension

EXTERNAL SOURCES:
  Flutter:
    :path: Flutter
  fusion_auth:
    :path: ".symlinks/plugins/fusion_auth/ios"
  integration_test:
    :path: ".symlinks/plugins/integration_test/ios"

SPEC CHECKSUMS:
  Flutter: f04841e97a9d0b0a8025694d0796dd46242b2854
  fusion_auth: 152a97094d549e04f90dde5a20217b337168a702
  integration_test: 13825b8a9334a850581300559b8839134b124670
  MBProgressHUD: 3ee5efcc380f6a79a7cc9b363dd669c5e1ae7406
  MJExtension: 21c5f6f8c4d5d8844b7ae8fbae08fed0b501f961

PODFILE CHECKSUM: eacdfa6b9c186ca96c275ed573c8ca271e41af6e

COCOAPODS: 1.12.1
